
Microsoft Visual Studio Solution File, Format Version 12.00
# Visual Studio Version 17
VisualStudioVersion = 17.1.32421.90
MinimumVisualStudioVersion = 10.0.40219.1
Project("{FAE04EC0-301F-11D3-BF4B-00C04F79EFBC}") = "FAQ", "FAQ.csproj", "{48F306BE-4D90-48DD-A31F-D5E484F8E3E8}"
EndProject
Global
	GlobalSection(SolutionConfigurationPlatforms) = preSolution
		Debug|Any CPU = Debug|Any CPU
		Release|Any CPU = Release|Any CPU
	EndGlobalSection
	GlobalSection(ProjectConfigurationPlatforms) = postSolution
		{48F306BE-4D90-48DD-A31F-D5E484F8E3E8}.Debug|Any CPU.ActiveCfg = Debug|Any CPU
		{48F306BE-4D90-48DD-A31F-D5E484F8E3E8}.Debug|Any CPU.Build.0 = Debug|Any CPU
		{48F306BE-4D90-48DD-A31F-D5E484F8E3E8}.Release|Any CPU.ActiveCfg = Release|Any CPU
		{48F306BE-4D90-48DD-A31F-D5E484F8E3E8}.Release|Any CPU.Build.0 = Release|Any CPU
	EndGlobalSection
	GlobalSection(SolutionProperties) = preSolution
		HideSolutionNode = FALSE
	EndGlobalSection
	GlobalSection(ExtensibilityGlobals) = postSolution
		SolutionGuid = {B20C6E42-89CA-4D8D-99DC-DABDDA02B068}
	EndGlobalSection
EndGlobal
